
Microsoft Visual Studio Solution File, Format Version 12.00
# Visual Studio 15
VisualStudioVersion = 15.0.26730.12
MinimumVisualStudioVersion = 10.0.40219.1
Project("{FAE04EC0-301F-11D3-BF4B-00C04F79EFBC}") = "ServiceLocatorApp", "ServiceLocatorApp\ServiceLocatorApp.csproj", "{F2DD78D2-6712-4579-A575-6542B4678C52}"
EndProject
Global
	GlobalSection(SolutionConfigurationPlatforms) = preSolution
		Debug|Any CPU = Debug|Any CPU
		Release|Any CPU = Release|Any CPU
	EndGlobalSection
	GlobalSection(ProjectConfigurationPlatforms) = postSolution
		{F2DD78D2-6712-4579-A575-6542B4678C52}.Debug|Any CPU.ActiveCfg = Debug|Any CPU
		{F2DD78D2-6712-4579-A575-6542B4678C52}.Debug|Any CPU.Build.0 = Debug|Any CPU
		{F2DD78D2-6712-4579-A575-6542B4678C52}.Release|Any CPU.ActiveCfg = Release|Any CPU
		{F2DD78D2-6712-4579-A575-6542B4678C52}.Release|Any CPU.Build.0 = Release|Any CPU
	EndGlobalSection
	GlobalSection(SolutionProperties) = preSolution
		HideSolutionNode = FALSE
	EndGlobalSection
	GlobalSection(ExtensibilityGlobals) = postSolution
		SolutionGuid = {3BCA8D03-E933-4EEF-9299-7FAF4197B7EA}
	EndGlobalSection
EndGlobal
